
Microsoft Visual Studio Solution File, Format Version 12.00
# Visual Studio Version 16
VisualStudioVersion = 16.0.31019.35
MinimumVisualStudioVersion = 10.0.40219.1
Project("{FAE04EC0-301F-11D3-BF4B-00C04F79EFBC}") = "Car Inventory", "Car Inventory.csproj", "{475AF335-8413-410A-B871-76239757B539}"
EndProject
Global
	GlobalSection(SolutionConfigurationPlatforms) = preSolution
		Debug|Any CPU = Debug|Any CPU
		Release|Any CPU = Release|Any CPU
	EndGlobalSection
	GlobalSection(ProjectConfigurationPlatforms) = postSolution
		{475AF335-8413-410A-B871-76239757B539}.Debug|Any CPU.ActiveCfg = Debug|Any CPU
		{475AF335-8413-410A-B871-76239757B539}.Debug|Any CPU.Build.0 = Debug|Any CPU
		{475AF335-8413-410A-B871-76239757B539}.Release|Any CPU.ActiveCfg = Release|Any CPU
		{475AF335-8413-410A-B871-76239757B539}.Release|Any CPU.Build.0 = Release|Any CPU
	EndGlobalSection
	GlobalSection(SolutionProperties) = preSolution
		HideSolutionNode = FALSE
	EndGlobalSection
	GlobalSection(ExtensibilityGlobals) = postSolution
		SolutionGuid = {CFC952CB-0D86-4827-B2C9-AF3A0302D41A}
	EndGlobalSection
EndGlobal
